
Microsoft Visual Studio Solution File, Format Version 12.00
# Visual Studio Version 17
VisualStudioVersion = 17.14.36127.28 d17.14
MinimumVisualStudioVersion = 10.0.40219.1
Project("{FAE04EC0-301F-11D3-BF4B-00C04F79EFBC}") = "P2V_UM", "P2V_UM.csproj", "{733725CB-3209-43A1-ACC4-B4AFB3429B4A}"
EndProject
Global
	GlobalSection(SolutionConfigurationPlatforms) = preSolution
		Debug|Any CPU = Debug|Any CPU
		Release|Any CPU = Release|Any CPU
	EndGlobalSection
	GlobalSection(ProjectConfigurationPlatforms) = postSolution
		{733725CB-3209-43A1-ACC4-B4AFB3429B4A}.Debug|Any CPU.ActiveCfg = Debug|Any CPU
		{733725CB-3209-43A1-ACC4-B4AFB3429B4A}.Debug|Any CPU.Build.0 = Debug|Any CPU
		{733725CB-3209-43A1-ACC4-B4AFB3429B4A}.Release|Any CPU.ActiveCfg = Release|Any CPU
		{733725CB-3209-43A1-ACC4-B4AFB3429B4A}.Release|Any CPU.Build.0 = Release|Any CPU
	EndGlobalSection
	GlobalSection(SolutionProperties) = preSolution
		HideSolutionNode = FALSE
	EndGlobalSection
	GlobalSection(ExtensibilityGlobals) = postSolution
		SolutionGuid = {E0E67F97-0E16-431E-A76F-7A596E34EBB2}
	EndGlobalSection
EndGlobal
